
Microsoft Visual Studio Solution File, Format Version 12.00
# Visual Studio Version 17
VisualStudioVersion = 17.12.35527.113 d17.12
MinimumVisualStudioVersion = 10.0.40219.1
Project("{FAE04EC0-301F-11D3-BF4B-00C04F79EFBC}") = "projeodeviburdur", "projeodeviburdur\projeodeviburdur.csproj", "{30D31745-A79D-4D3F-A00E-8865D496267E}"
EndProject
Global
	GlobalSection(SolutionConfigurationPlatforms) = preSolution
		Debug|Any CPU = Debug|Any CPU
		Release|Any CPU = Release|Any CPU
	EndGlobalSection
	GlobalSection(ProjectConfigurationPlatforms) = postSolution
		{30D31745-A79D-4D3F-A00E-8865D496267E}.Debug|Any CPU.ActiveCfg = Debug|Any CPU
		{30D31745-A79D-4D3F-A00E-8865D496267E}.Debug|Any CPU.Build.0 = Debug|Any CPU
		{30D31745-A79D-4D3F-A00E-8865D496267E}.Release|Any CPU.ActiveCfg = Release|Any CPU
		{30D31745-A79D-4D3F-A00E-8865D496267E}.Release|Any CPU.Build.0 = Release|Any CPU
	EndGlobalSection
	GlobalSection(SolutionProperties) = preSolution
		HideSolutionNode = FALSE
	EndGlobalSection
EndGlobal
